
Microsoft Visual Studio Solution File, Format Version 12.00
# Visual Studio 15
VisualStudioVersion = 15.0.28010.2003
MinimumVisualStudioVersion = 10.0.40219.1
Project("{FAE04EC0-301F-11D3-BF4B-00C04F79EFBC}") = "BO Rawfile Injector", "BO Rawfile Injector\BO Rawfile Injector.csproj", "{D634630D-7C8E-4434-BC0D-71EF12EE8A84}"
EndProject
Project("{2150E333-8FDC-42A3-9474-1A3956D46DE8}") = "Solution Items", "Solution Items", "{13C6E07D-7C45-4768-943C-398E74415EBA}"
EndProject
Global
	GlobalSection(SolutionConfigurationPlatforms) = preSolution
		Debug|Any CPU = Debug|Any CPU
		Release|Any CPU = Release|Any CPU
	EndGlobalSection
	GlobalSection(ProjectConfigurationPlatforms) = postSolution
		{D634630D-7C8E-4434-BC0D-71EF12EE8A84}.Debug|Any CPU.ActiveCfg = Debug|Any CPU
		{D634630D-7C8E-4434-BC0D-71EF12EE8A84}.Debug|Any CPU.Build.0 = Debug|Any CPU
		{D634630D-7C8E-4434-BC0D-71EF12EE8A84}.Release|Any CPU.ActiveCfg = Release|Any CPU
		{D634630D-7C8E-4434-BC0D-71EF12EE8A84}.Release|Any CPU.Build.0 = Release|Any CPU
	EndGlobalSection
	GlobalSection(SolutionProperties) = preSolution
		HideSolutionNode = FALSE
	EndGlobalSection
	GlobalSection(ExtensibilityGlobals) = postSolution
		SolutionGuid = {BC4B51AE-0E0B-410F-8B1D-8AA53A7DD18C}
	EndGlobalSection
EndGlobal
